{
    "_readme": [
        "This file locks the dependencies of your project to a known state",
        "Read more about it at https://getcomposer.org/doc/01-basic-usage.md#installing-dependencies",
        "This file is @generated automatically"
    ],
    "content-hash": "0e1f916745021a75068f692a0704f6e5",
    "packages": [
        {
            "name": "laminas/laminas-config",
            "version": "3.3.0",
            "source": {
                "type": "git",
                "url": "https://github.com/laminas/laminas-config.git",
                "reference": "b8fe057f55e69a0e7a2e4ced79218a43f58606a8"
            },
            "dist": {
                "type": "zip",
                "url": "https://api.github.com/repos/laminas/laminas-config/zipball/b8fe057f55e69a0e7a2e4ced79218a43f58606a8",
                "reference": "b8fe057f55e69a0e7a2e4ced79218a43f58606a8",
                "shasum": ""
            },
            "require": {
                "ext-json": "*",
                "laminas/laminas-stdlib": "^2.7.7 || ^3.1",
                "laminas/laminas-zendframework-bridge": "^1.0",
                "php": "^5.6 || ^7.0",
                "psr/container": "^1.0"
            },
            "conflict": {
                "container-interop/container-interop": "<1.2.0"
            },
            "replace": {
                "zendframework/zend-config": "self.version"
            },
            "require-dev": {
                "laminas/laminas-coding-standard": "~1.0.0",
                "laminas/laminas-filter": "^2.7.2",
                "laminas/laminas-i18n": "^2.7.4",
                "laminas/laminas-servicemanager": "^2.7.8 || ^3.3",
                "malukenho/docheader": "^0.1.6",
                "phpunit/phpunit": "^5.7.27 || ^6.5.8 || ^7.1.2"
            },
            "suggest": {
                "laminas/laminas-filter": "^2.7.2; install if you want to use the Filter processor",
                "laminas/laminas-i18n": "^2.7.4; install if you want to use the Translator processor",
                "laminas/laminas-servicemanager": "^2.7.8 || ^3.3; if you need an extensible plugin manager for use with the Config Factory"
            },
            "type": "library",
            "extra": {
                "branch-alias": {
                    "dev-master": "3.3.x-dev",
                    "dev-develop": "3.4.x-dev"
                }
            },
            "autoload": {
                "psr-4": {
                    "Laminas\\Config\\": "src/"
                }
            },
            "notification-url": "https://packagist.org/downloads/",
            "license": [
                "BSD-3-Clause"
            ],
            "description": "provides a nested object property based user interface for accessing this configuration data within application code",
            "homepage": "https://laminas.dev",
            "keywords": [
                "config",
                "laminas"
            ],
            "time": "2019-12-31T16:30:11+00:00"
        },
        {
            "name": "laminas/laminas-eventmanager",
            "version": "3.2.1",
            "source": {
                "type": "git",
                "url": "https://github.com/laminas/laminas-eventmanager.git",
                "reference": "ce4dc0bdf3b14b7f9815775af9dfee80a63b4748"
            },
            "dist": {
                "type": "zip",
                "url": "https://api.github.com/repos/laminas/laminas-eventmanager/zipball/ce4dc0bdf3b14b7f9815775af9dfee80a63b4748",
                "reference": "ce4dc0bdf3b14b7f9815775af9dfee80a63b4748",
                "shasum": ""
            },
            "require": {
                "laminas/laminas-zendframework-bridge": "^1.0",
                "php": "^5.6 || ^7.0"
            },
            "replace": {
                "zendframework/zend-eventmanager": "self.version"
            },
            "require-dev": {
                "athletic/athletic": "^0.1",
                "container-interop/container-interop": "^1.1.0",
                "laminas/laminas-coding-standard": "~1.0.0",
                "laminas/laminas-stdlib": "^2.7.3 || ^3.0",
                "phpunit/phpunit": "^5.7.27 || ^6.5.8 || ^7.1.2"
            },
            "suggest": {
                "container-interop/container-interop": "^1.1.0, to use the lazy listeners feature",
                "laminas/laminas-stdlib": "^2.7.3 || ^3.0, to use the FilterChain feature"
            },
            "type": "library",
            "extra": {
                "branch-alias": {
                    "dev-master": "3.2-dev",
                    "dev-develop": "3.3-dev"
                }
            },
            "autoload": {
                "psr-4": {
                    "Laminas\\EventManager\\": "src/"
                }
            },
            "notification-url": "https://packagist.org/downloads/",
            "license": [
                "BSD-3-Clause"
            ],
            "description": "Trigger and listen to events within a PHP application",
            "homepage": "https://laminas.dev",
            "keywords": [
                "event",
                "eventmanager",
                "events",
                "laminas"
            ],
            "time": "2019-12-31T16:44:52+00:00"
        },
        {
            "name": "laminas/laminas-json",
            "version": "3.1.2",
            "source": {
                "type": "git",
                "url": "https://github.com/laminas/laminas-json.git",
                "reference": "00dc0da7b5e5018904c5c4a8e80a5faa16c2c1c6"
            },
            "dist": {
                "type": "zip",
                "url": "https://api.github.com/repos/laminas/laminas-json/zipball/00dc0da7b5e5018904c5c4a8e80a5faa16c2c1c6",
                "reference": "00dc0da7b5e5018904c5c4a8e80a5faa16c2c1c6",
                "shasum": ""
            },
            "require": {
                "laminas/laminas-zendframework-bridge": "^1.0",
                "php": "^5.6 || ^7.0"
            },
            "replace": {
                "zendframework/zend-json": "self.version"
            },
            "require-dev": {
                "laminas/laminas-coding-standard": "~1.0.0",
                "laminas/laminas-stdlib": "^2.7.7 || ^3.1",
                "phpunit/phpunit": "^5.7.23 || ^6.4.3"
            },
            "suggest": {
                "laminas/laminas-json-server": "For implementing JSON-RPC servers",
                "laminas/laminas-xml2json": "For converting XML documents to JSON"
            },
            "type": "library",
            "extra": {
                "branch-alias": {
                    "dev-master": "3.1.x-dev",
                    "dev-develop": "3.2.x-dev"
                }
            },
            "autoload": {
                "psr-4": {
                    "Laminas\\Json\\": "src/"
                }
            },
            "notification-url": "https://packagist.org/downloads/",
            "license": [
                "BSD-3-Clause"
            ],
            "description": "provides convenience methods for serializing native PHP to JSON and decoding JSON to native PHP",
            "homepage": "https://laminas.dev",
            "keywords": [
                "json",
                "laminas"
            ],
            "time": "2019-12-31T17:15:04+00:00"
        },
        {
            "name": "laminas/laminas-loader",
            "version": "2.6.1",
            "source": {
                "type": "git",
                "url": "https://github.com/laminas/laminas-loader.git",
                "reference": "5d01c2c237ae9e68bec262f339947e2ea18979bc"
            },
            "dist": {
                "type": "zip",
                "url": "https://api.github.com/repos/laminas/laminas-loader/zipball/5d01c2c237ae9e68bec262f339947e2ea18979bc",
                "reference": "5d01c2c237ae9e68bec262f339947e2ea18979bc",
                "shasum": ""
            },
            "require": {
                "laminas/laminas-zendframework-bridge": "^1.0",
                "php": "^5.6 || ^7.0"
            },
            "replace": {
                "zendframework/zend-loader": "self.version"
            },
            "require-dev": {
                "laminas/laminas-coding-standard": "~1.0.0",
                "phpunit/phpunit": "^5.7.27 || ^6.5.8 || ^7.1.4"
            },
            "type": "library",
            "extra": {
                "branch-alias": {
                    "dev-master": "2.6.x-dev",
                    "dev-develop": "2.7.x-dev"
                }
            },
            "autoload": {
                "psr-4": {
                    "Laminas\\Loader\\": "src/"
                }
            },
            "notification-url": "https://packagist.org/downloads/",
            "license": [
                "BSD-3-Clause"
            ],
            "description": "Autoloading and plugin loading strategies",
            "homepage": "https://laminas.dev",
            "keywords": [
                "laminas",
                "loader"
            ],
            "time": "2019-12-31T17:18:27+00:00"
        },
        {
            "name": "laminas/laminas-modulemanager",
            "version": "2.8.4",
            "source": {
                "type": "git",
                "url": "https://github.com/laminas/laminas-modulemanager.git",
                "reference": "92b1cde1aab5aef687b863face6dd5d9c6751c78"
            },
            "dist": {
                "type": "zip",
                "url": "https://api.github.com/repos/laminas/laminas-modulemanager/zipball/92b1cde1aab5aef687b863face6dd5d9c6751c78",
                "reference": "92b1cde1aab5aef687b863face6dd5d9c6751c78",
                "shasum": ""
            },
            "require": {
                "laminas/laminas-config": "^3.1 || ^2.6",
                "laminas/laminas-eventmanager": "^3.2 || ^2.6.3",
                "laminas/laminas-stdlib": "^3.1 || ^2.7",
                "laminas/laminas-zendframework-bridge": "^1.0",
                "php": "^5.6 || ^7.0"
            },
            "replace": {
                "zendframework/zend-modulemanager": "self.version"
            },
            "require-dev": {
                "laminas/laminas-coding-standard": "~1.0.0",
                "laminas/laminas-console": "^2.6",
                "laminas/laminas-di": "^2.6",
                "laminas/laminas-loader": "^2.5",
                "laminas/laminas-mvc": "^3.0 || ^2.7",
                "laminas/laminas-servicemanager": "^3.0.3 || ^2.7.5",
                "phpunit/phpunit": "^5.7.27 || ^6.5.14 || ^7.5.16"
            },
            "suggest": {
                "laminas/laminas-console": "Laminas\\Console component",
                "laminas/laminas-loader": "Laminas\\Loader component if you are not using Composer autoloading for your modules",
                "laminas/laminas-mvc": "Laminas\\Mvc component",
                "laminas/laminas-servicemanager": "Laminas\\ServiceManager component"
            },
            "type": "library",
            "extra": {
                "branch-alias": {
                    "dev-master": "2.8.x-dev",
                    "dev-develop": "2.9.x-dev"
                }
            },
            "autoload": {
                "psr-4": {
                    "Laminas\\ModuleManager\\": "src/"
                }
            },
            "notification-url": "https://packagist.org/downloads/",
            "license": [
                "BSD-3-Clause"
            ],
            "description": "Modular application system for laminas-mvc applications",
            "homepage": "https://laminas.dev",
            "keywords": [
                "laminas",
                "modulemanager"
            ],
            "time": "2019-12-31T17:26:56+00:00"
        },
        {
            "name": "laminas/laminas-stdlib",
            "version": "3.2.1",
            "source": {
                "type": "git",
                "url": "https://github.com/laminas/laminas-stdlib.git",
                "reference": "2b18347625a2f06a1a485acfbc870f699dbe51c6"
            },
            "dist": {
                "type": "zip",
                "url": "https://api.github.com/repos/laminas/laminas-stdlib/zipball/2b18347625a2f06a1a485acfbc870f699dbe51c6",
                "reference": "2b18347625a2f06a1a485acfbc870f699dbe51c6",
                "shasum": ""
            },
            "require": {
                "laminas/laminas-zendframework-bridge": "^1.0",
                "php": "^5.6 || ^7.0"
            },
            "replace": {
                "zendframework/zend-stdlib": "self.version"
            },
            "require-dev": {
                "laminas/laminas-coding-standard": "~1.0.0",
                "phpbench/phpbench": "^0.13",
                "phpunit/phpunit": "^5.7.27 || ^6.5.8 || ^7.1.2"
            },
            "type": "library",
            "extra": {
                "branch-alias": {
                    "dev-master": "3.2.x-dev",
                    "dev-develop": "3.3.x-dev"
                }
            },
            "autoload": {
                "psr-4": {
                    "Laminas\\Stdlib\\": "src/"
                }
            },
            "notification-url": "https://packagist.org/downloads/",
            "license": [
                "BSD-3-Clause"
            ],
            "description": "SPL extensions, array utilities, error handlers, and more",
            "homepage": "https://laminas.dev",
            "keywords": [
                "laminas",
                "stdlib"
            ],
            "time": "2019-12-31T17:51:15+00:00"
        },
        {
            "name": "laminas/laminas-zendframework-bridge",
            "version": "1.0.1",
            "source": {
                "type": "git",
                "url": "https://github.com/laminas/laminas-zendframework-bridge.git",
                "reference": "0fb9675b84a1666ab45182b6c5b29956921e818d"
            },
            "dist": {
                "type": "zip",
                "url": "https://api.github.com/repos/laminas/laminas-zendframework-bridge/zipball/0fb9675b84a1666ab45182b6c5b29956921e818d",
                "reference": "0fb9675b84a1666ab45182b6c5b29956921e818d",
                "shasum": ""
            },
            "require": {
                "php": "^5.6 || ^7.0"
            },
            "require-dev": {
                "phpunit/phpunit": "^5.7 || ^6.5 || ^7.5 || ^8.1",
                "squizlabs/php_codesniffer": "^3.5"
            },
            "type": "library",
            "extra": {
                "branch-alias": {
                    "dev-master": "1.0.x-dev",
                    "dev-develop": "1.1.x-dev"
                },
                "laminas": {
                    "module": "Laminas\\ZendFrameworkBridge"
                }
            },
            "autoload": {
                "files": [
                    "src/autoload.php"
                ],
                "psr-4": {
                    "Laminas\\ZendFrameworkBridge\\": "src//"
                }
            },
            "notification-url": "https://packagist.org/downloads/",
            "license": [
                "BSD-3-Clause"
            ],
            "description": "Alias legacy ZF class names to Laminas Project equivalents.",
            "keywords": [
                "ZendFramework",
                "autoloading",
                "laminas",
                "zf"
            ],
            "time": "2020-01-07T22:58:31+00:00"
        },
        {
            "name": "msbios/exception",
            "version": "v2.0.0",
            "source": {
                "type": "git",
                "url": "https://github.com/msbios/msbios-exception.git",
                "reference": "57b5b084e360602ce4fb685816b139ba49fa2b4d"
            },
            "dist": {
                "type": "zip",
                "url": "https://api.github.com/repos/msbios/msbios-exception/zipball/57b5b084e360602ce4fb685816b139ba49fa2b4d",
                "reference": "57b5b084e360602ce4fb685816b139ba49fa2b4d",
                "shasum": ""
            },
            "require": {
                "msbios/msbios": "^2.0"
            },
            "require-dev": {
                "msbios/debug": "^2.0",
                "msbios/test": "^2.0"
            },
            "type": "library",
            "autoload": {
                "psr-4": {
                    "MSBios\\Exception\\": "src/"
                }
            },
            "notification-url": "https://packagist.org/downloads/",
            "license": [
                "MIT"
            ],
            "authors": [
                {
                    "name": "Judzhin Miles",
                    "email": "info@msbios.com"
                }
            ],
            "description": "MSBios Exception",
            "homepage": "https://github.com/msbios/msbios-exception",
            "keywords": [
                "php"
            ],
            "time": "2020-01-08T02:00:51+00:00"
        },
        {
            "name": "msbios/json",
            "version": "v2.0.2",
            "source": {
                "type": "git",
                "url": "https://github.com/msbios/msbios-json.git",
                "reference": "cbf54c14f2ad47660fabe2291b031be6ebad7101"
            },
            "dist": {
                "type": "zip",
                "url": "https://api.github.com/repos/msbios/msbios-json/zipball/cbf54c14f2ad47660fabe2291b031be6ebad7101",
                "reference": "cbf54c14f2ad47660fabe2291b031be6ebad7101",
                "shasum": ""
            },
            "require": {
                "laminas/laminas-json": "^3.1",
                "msbios/exception": "^2.0",
                "msbios/msbios": "^2.0",
                "mtdowling/jmespath.php": "^2.4",
                "peekmo/jsonpath": "^1.1"
            },
            "require-dev": {
                "laminas/laminas-migration": "^1.0",
                "msbios/test": "^2.0"
            },
            "type": "library",
            "autoload": {
                "psr-4": {
                    "MSBios\\Json\\": "src/"
                }
            },
            "notification-url": "https://packagist.org/downloads/",
            "license": [
                "MIT"
            ],
            "authors": [
                {
                    "name": "Judzhin Miles",
                    "email": "info@msbios.com"
                }
            ],
            "description": "MSBios Json",
            "homepage": "https://github.com/msbios/msbios-json",
            "keywords": [
                "php"
            ],
            "time": "2020-01-18T12:27:06+00:00"
        },
        {
            "name": "msbios/msbios",
            "version": "v2.0.0",
            "source": {
                "type": "git",
                "url": "https://github.com/msbios/msbios-msbios.git",
                "reference": "82bc05447929788420aacac29aa7e717b81f3639"
            },
            "dist": {
                "type": "zip",
                "url": "https://api.github.com/repos/msbios/msbios-msbios/zipball/82bc05447929788420aacac29aa7e717b81f3639",
                "reference": "82bc05447929788420aacac29aa7e717b81f3639",
                "shasum": ""
            },
            "require": {
                "laminas/laminas-loader": "^2.6",
                "laminas/laminas-modulemanager": "^2.8",
                "ocramius/package-versions": "^1.3",
                "symfony/dotenv": "^4.3"
            },
            "require-dev": {
                "laminas/laminas-migration": "^1.0",
                "msbios/test": "^1.0"
            },
            "bin": [
                "msbios.sh",
                "msbios-commit.sh"
            ],
            "type": "library",
            "extra": {
                "zf": {
                    "component": "MSBios",
                    "config-provider": "MSBios\\ConfigProvider"
                }
            },
            "autoload": {
                "psr-4": {
                    "MSBios\\": "src/"
                }
            },
            "notification-url": "https://packagist.org/downloads/",
            "license": [
                "MIT"
            ],
            "authors": [
                {
                    "name": "Judzhin Miles",
                    "email": "info@msbios.com"
                }
            ],
            "description": "MSBios Library",
            "homepage": "https://github.com/msbios/msbios",
            "keywords": [
                "php"
            ],
            "time": "2020-01-08T00:40:42+00:00"
        },
        {
            "name": "mtdowling/jmespath.php",
            "version": "2.5.0",
            "source": {
                "type": "git",
                "url": "https://github.com/jmespath/jmespath.php.git",
                "reference": "52168cb9472de06979613d365c7f1ab8798be895"
            },
            "dist": {
                "type": "zip",
                "url": "https://api.github.com/repos/jmespath/jmespath.php/zipball/52168cb9472de06979613d365c7f1ab8798be895",
                "reference": "52168cb9472de06979613d365c7f1ab8798be895",
                "shasum": ""
            },
            "require": {
                "php": ">=5.4.0",
                "symfony/polyfill-mbstring": "^1.4"
            },
            "require-dev": {
                "composer/xdebug-handler": "^1.2",
                "phpunit/phpunit": "^4.8.36|^7.5.15"
            },
            "bin": [
                "bin/jp.php"
            ],
            "type": "library",
            "extra": {
                "branch-alias": {
                    "dev-master": "2.5-dev"
                }
            },
            "autoload": {
                "psr-4": {
                    "JmesPath\\": "src/"
                },
                "files": [
                    "src/JmesPath.php"
                ]
            },
            "notification-url": "https://packagist.org/downloads/",
            "license": [
                "MIT"
            ],
            "authors": [
                {
                    "name": "Michael Dowling",
                    "email": "mtdowling@gmail.com",
                    "homepage": "https://github.com/mtdowling"
                }
            ],
            "description": "Declaratively specify how to extract elements from a JSON document",
            "keywords": [
                "json",
                "jsonpath"
            ],
            "time": "2019-12-30T18:03:34+00:00"
        },
        {
            "name": "ocramius/package-versions",
            "version": "1.5.1",
            "source": {
                "type": "git",
                "url": "https://github.com/Ocramius/PackageVersions.git",
                "reference": "1d32342b8c1eb27353c8887c366147b4c2da673c"
            },
            "dist": {
                "type": "zip",
                "url": "https://api.github.com/repos/Ocramius/PackageVersions/zipball/1d32342b8c1eb27353c8887c366147b4c2da673c",
                "reference": "1d32342b8c1eb27353c8887c366147b4c2da673c",
                "shasum": ""
            },
            "require": {
                "composer-plugin-api": "^1.0.0",
                "php": "^7.3.0"
            },
            "require-dev": {
                "composer/composer": "^1.8.6",
                "doctrine/coding-standard": "^6.0.0",
                "ext-zip": "*",
                "infection/infection": "^0.13.4",
                "phpunit/phpunit": "^8.2.5",
                "vimeo/psalm": "^3.4.9"
            },
            "type": "composer-plugin",
            "extra": {
                "class": "PackageVersions\\Installer",
                "branch-alias": {
                    "dev-master": "1.6.x-dev"
                }
            },
            "autoload": {
                "psr-4": {
                    "PackageVersions\\": "src/PackageVersions"
                }
            },
            "notification-url": "https://packagist.org/downloads/",
            "license": [
                "MIT"
            ],
            "authors": [
                {
                    "name": "Marco Pivetta",
                    "email": "ocramius@gmail.com"
                }
            ],
            "description": "Composer plugin that provides efficient querying for installed package versions (no runtime IO)",
            "time": "2019-07-17T15:49:50+00:00"
        },
        {
            "name": "patchwork/utf8",
            "version": "v1.3.2",
            "source": {
                "type": "git",
                "url": "https://github.com/tchwork/utf8.git",
                "reference": "d296e0026e7ce10b2a9fe594feca9628ef00e9e8"
            },
            "dist": {
                "type": "zip",
                "url": "https://api.github.com/repos/tchwork/utf8/zipball/d296e0026e7ce10b2a9fe594feca9628ef00e9e8",
                "reference": "d296e0026e7ce10b2a9fe594feca9628ef00e9e8",
                "shasum": ""
            },
            "require": {
                "lib-pcre": ">=7.3",
                "php": ">=5.3.0"
            },
            "require-dev": {
                "symfony/phpunit-bridge": "^3.4|^4.4"
            },
            "suggest": {
                "ext-iconv": "Use iconv for best performance",
                "ext-intl": "Use Intl for best performance",
                "ext-mbstring": "Use Mbstring for best performance",
                "ext-wfio": "Use WFIO for UTF-8 filesystem access on Windows"
            },
            "type": "library",
            "extra": {
                "branch-alias": {
                    "dev-master": "1.3-dev"
                }
            },
            "autoload": {
                "psr-4": {
                    "Patchwork\\": "src/Patchwork/"
                },
                "classmap": [
                    "src/Normalizer.php"
                ]
            },
            "notification-url": "https://packagist.org/downloads/",
            "license": [
                "(Apache-2.0 or GPL-2.0)"
            ],
            "authors": [
                {
                    "name": "Nicolas Grekas",
                    "email": "p@tchwork.com"
                }
            ],
            "description": "Portable and performant UTF-8, Unicode and Grapheme Clusters for PHP",
            "homepage": "https://github.com/tchwork/utf8",
            "keywords": [
                "grapheme",
                "i18n",
                "unicode",
                "utf-8",
                "utf8"
            ],
            "time": "2019-12-03T14:44:12+00:00"
        },
        {
            "name": "peekmo/jsonpath",
            "version": "1.1.0",
            "source": {
                "type": "git",
                "url": "https://github.com/Peekmo/JsonPath.git",
                "reference": "b5e14d95473932a236fdbff8f3c8e9f5f533e7eb"
            },
            "dist": {
                "type": "zip",
                "url": "https://api.github.com/repos/Peekmo/JsonPath/zipball/b5e14d95473932a236fdbff8f3c8e9f5f533e7eb",
                "reference": "b5e14d95473932a236fdbff8f3c8e9f5f533e7eb",
                "shasum": ""
            },
            "require": {
                "php": ">=5.3.3"
            },
            "type": "project",
            "autoload": {
                "psr-0": {
                    "Peekmo\\JsonPath": "src/"
                }
            },
            "notification-url": "https://packagist.org/downloads/",
            "license": [
                "MIT"
            ],
            "authors": [
                {
                    "name": "Stefan Goessner"
                },
                {
                    "name": "Axel Anceau",
                    "email": "axel.anceau@gmail.com"
                }
            ],
            "description": "Library to use JsonPath",
            "homepage": "https://github.com/Peekmo/JsonPath",
            "time": "2014-05-18T12:18:50+00:00"
        },
        {
            "name": "php-slang/php-slang",
            "version": "v0.1.4",
            "source": {
                "type": "git",
                "url": "https://github.com/php-slang/php-slang.git",
                "reference": "a65305b8a567c2449f7c4af4f6dec705f01a7345"
            },
            "dist": {
                "type": "zip",
                "url": "https://api.github.com/repos/php-slang/php-slang/zipball/a65305b8a567c2449f7c4af4f6dec705f01a7345",
                "reference": "a65305b8a567c2449f7c4af4f6dec705f01a7345",
                "shasum": ""
            },
            "require": {
                "php": "~7.0"
            },
            "require-dev": {
                "humbug/humbug": "~1.0@dev",
                "phpunit/phpunit": "~5.5"
            },
            "type": "library",
            "autoload": {
                "psr-0": {
                    "PhpSlang\\": "src/"
                }
            },
            "notification-url": "https://packagist.org/downloads/",
            "license": [
                "Apache2"
            ],
            "authors": [
                {
                    "name": "Witold Adamus",
                    "email": "witold.adamus@xsolve.pl"
                }
            ],
            "description": "PHPSlang is a library that allow you to write a purely functional code in PHP",
            "keywords": [
                "collections",
                "either",
                "fp",
                "functionalprogramming",
                "future",
                "immutability",
                "immutable",
                "lazy",
                "monad",
                "option",
                "parallel",
                "patternmatching",
                "propertytesting",
                "purelyfunctional",
                "touple",
                "trampolines",
                "try",
                "validation"
            ],
            "time": "2017-02-07T09:50:50+00:00"
        },
        {
            "name": "psr/container",
            "version": "1.0.0",
            "source": {
                "type": "git",
                "url": "https://github.com/php-fig/container.git",
                "reference": "b7ce3b176482dbbc1245ebf52b181af44c2cf55f"
            },
            "dist": {
                "type": "zip",
                "url": "https://api.github.com/repos/php-fig/container/zipball/b7ce3b176482dbbc1245ebf52b181af44c2cf55f",
                "reference": "b7ce3b176482dbbc1245ebf52b181af44c2cf55f",
                "shasum": ""
            },
            "require": {
                "php": ">=5.3.0"
            },
            "type": "library",
            "extra": {
                "branch-alias": {
                    "dev-master": "1.0.x-dev"
                }
            },
            "autoload": {
                "psr-4": {
                    "Psr\\Container\\": "src/"
                }
            },
            "notification-url": "https://packagist.org/downloads/",
            "license": [
                "MIT"
            ],
            "authors": [
                {
                    "name": "PHP-FIG",
                    "homepage": "http://www.php-fig.org/"
                }
            ],
            "description": "Common Container Interface (PHP FIG PSR-11)",
            "homepage": "https://github.com/php-fig/container",
            "keywords": [
                "PSR-11",
                "container",
                "container-interface",
                "container-interop",
                "psr"
            ],
            "time": "2017-02-14T16:28:37+00:00"
        },
        {
            "name": "symfony/dotenv",
            "version": "v4.4.2",
            "source": {
                "type": "git",
                "url": "https://github.com/symfony/dotenv.git",
                "reference": "c387ab37887f997162a8579d335b38f328d27859"
            },
            "dist": {
                "type": "zip",
                "url": "https://api.github.com/repos/symfony/dotenv/zipball/c387ab37887f997162a8579d335b38f328d27859",
                "reference": "c387ab37887f997162a8579d335b38f328d27859",
                "shasum": ""
            },
            "require": {
                "php": "^7.1.3"
            },
            "require-dev": {
                "symfony/process": "^3.4.2|^4.0|^5.0"
            },
            "type": "library",
            "extra": {
                "branch-alias": {
                    "dev-master": "4.4-dev"
                }
            },
            "autoload": {
                "psr-4": {
                    "Symfony\\Component\\Dotenv\\": ""
                },
                "exclude-from-classmap": [
                    "/Tests/"
                ]
            },
            "notification-url": "https://packagist.org/downloads/",
            "license": [
                "MIT"
            ],
            "authors": [
                {
                    "name": "Fabien Potencier",
                    "email": "fabien@symfony.com"
                },
                {
                    "name": "Symfony Community",
                    "homepage": "https://symfony.com/contributors"
                }
            ],
            "description": "Registers environment variables from a .env file",
            "homepage": "https://symfony.com",
            "keywords": [
                "dotenv",
                "env",
                "environment"
            ],
            "time": "2019-12-19T15:57:49+00:00"
        },
        {
            "name": "symfony/polyfill-mbstring",
            "version": "v1.13.1",
            "source": {
                "type": "git",
                "url": "https://github.com/symfony/polyfill-mbstring.git",
                "reference": "7b4aab9743c30be783b73de055d24a39cf4b954f"
            },
            "dist": {
                "type": "zip",
                "url": "https://api.github.com/repos/symfony/polyfill-mbstring/zipball/7b4aab9743c30be783b73de055d24a39cf4b954f",
                "reference": "7b4aab9743c30be783b73de055d24a39cf4b954f",
                "shasum": ""
            },
            "require": {
                "php": ">=5.3.3"
            },
            "suggest": {
                "ext-mbstring": "For best performance"
            },
            "type": "library",
            "extra": {
                "branch-alias": {
                    "dev-master": "1.13-dev"
                }
            },
            "autoload": {
                "psr-4": {
                    "Symfony\\Polyfill\\Mbstring\\": ""
                },
                "files": [
                    "bootstrap.php"
                ]
            },
            "notification-url": "https://packagist.org/downloads/",
            "license": [
                "MIT"
            ],
            "authors": [
                {
                    "name": "Nicolas Grekas",
                    "email": "p@tchwork.com"
                },
                {
                    "name": "Symfony Community",
                    "homepage": "https://symfony.com/contributors"
                }
            ],
            "description": "Symfony polyfill for the Mbstring extension",
            "homepage": "https://symfony.com",
            "keywords": [
                "compatibility",
                "mbstring",
                "polyfill",
                "portable",
                "shim"
            ],
            "time": "2019-11-27T14:18:11+00:00"
        }
    ],
    "packages-dev": [],
    "aliases": [],
    "minimum-stability": "stable",
    "stability-flags": [],
    "prefer-stable": false,
    "prefer-lowest": false,
    "platform": [],
    "platform-dev": []
}
